# THIS IS AN AUTOGENERATED FILE. DO NOT EDIT THIS FILE DIRECTLY.
# yarn lockfile v1


"@now/node-bridge@^1.2.0":
  version "1.2.1"
  resolved "https://registry.yarnpkg.com/@now/node-bridge/-/node-bridge-1.2.1.tgz#9539033c849f0026bdb6a36d06b4917e24dd5ff9"
  integrity sha512-SgofDSqQjc2nbPYz1qxjrsovU3SvYxn4zxJYzBrNA4i986aB3/zmSSEneBnDjNnjS2RsttjjhRFDBdjX5EeNEw==

"@now/node@^0.9.0":
  version "0.9.0"
  resolved "https://registry.yarnpkg.com/@now/node/-/node-0.9.0.tgz#26814e3d74b02af17704686e8797862ba0abbe79"
  integrity sha512-AfbPKB9DmyemGbG3DYuw+epb4lmxOgiZ7PakKlocVaPl68W6NWElTE3ns9453ZV6Dj+F9LHeZ3TAbyyxEzsMgg==
  dependencies:
    "@now/node-bridge" "^1.2.0"
    "@types/node" "*"
    "@zeit/ncc" "0.18.5"
    "@zeit/ncc-watcher" "1.0.3"
    fs-extra "7.0.1"

"@types/node-fetch@^2.1.4":
  version "2.3.4"
  resolved "https://registry.yarnpkg.com/@types/node-fetch/-/node-fetch-2.3.4.tgz#a46fc4fe9f94b491bf551b6bb7f0f493b9bacd1a"
  integrity sha512-ZwGXz5osL88SF+jlbbz0WJlINlOZHoSWPrLytQRWRdB6j/KVLup1OoqIxnjO6q9ToqEEP3MZFzJCotgge+IiRw==
  dependencies:
    "@types/node" "*"

"@types/node@*":
  version "12.0.10"
  resolved "https://registry.yarnpkg.com/@types/node/-/node-12.0.10.tgz#51babf9c7deadd5343620055fc8aff7995c8b031"
  integrity sha512-LcsGbPomWsad6wmMNv7nBLw7YYYyfdYcz6xryKYQhx89c3XXan+8Q6AJ43G5XDIaklaVkK3mE4fCb0SBvMiPSQ==

"@zeit/ncc-watcher@1.0.3":
  version "1.0.3"
  resolved "https://registry.yarnpkg.com/@zeit/ncc-watcher/-/ncc-watcher-1.0.3.tgz#c4569d13db7b80a96a7672047c069400e69913ae"
  integrity sha512-367wm9bGMBCwT8kHQckw8UY/iYhC9rdzj357FBoM0SjVvWv53yziEmd12RkeF1EsBs0F2a1uBYdUaUvGo6LfkA==
  dependencies:
    "@zeit/ncc" "^0.18.5"

"@zeit/ncc@0.18.5", "@zeit/ncc@^0.18.5":
  version "0.18.5"
  resolved "https://registry.yarnpkg.com/@zeit/ncc/-/ncc-0.18.5.tgz#5687df6c32f1a2e2486aa110b3454ccebda4fb9c"
  integrity sha512-F+SbvEAh8rchiRXqQbmD1UmbePY7dCOKTbvfFtbVbK2xMH/tyri5YKfNxXKK7eL9EWkkbqB3NTVQO6nokApeBA==

data-uri-to-buffer@^4.0.0:
  version "4.0.0"
  resolved "https://registry.yarnpkg.com/data-uri-to-buffer/-/data-uri-to-buffer-4.0.0.tgz#b5db46aea50f6176428ac05b73be39a57701a64b"
  integrity sha512-Vr3mLBA8qWmcuschSLAOogKgQ/Jwxulv3RNE4FXnYWRGujzrRWQI4m12fQqRkwX06C0KanhLr4hK+GydchZsaA==

fetch-blob@^3.1.2, fetch-blob@^3.1.3:
  version "3.1.4"
  resolved "https://registry.yarnpkg.com/fetch-blob/-/fetch-blob-3.1.4.tgz#e8c6567f80ad7fc22fd302e7dcb72bafde9c1717"
  integrity sha512-Eq5Xv5+VlSrYWEqKrusxY1C3Hm/hjeAsCGVG3ft7pZahlUAChpGZT/Ms1WmSLnEAisEXszjzu/s+ce6HZB2VHA==
  dependencies:
    node-domexception "^1.0.0"
    web-streams-polyfill "^3.0.3"

formdata-polyfill@^4.0.10:
  version "4.0.10"
  resolved "https://registry.yarnpkg.com/formdata-polyfill/-/formdata-polyfill-4.0.10.tgz#24807c31c9d402e002ab3d8c720144ceb8848423"
  integrity sha512-buewHzMvYL29jdeQTVILecSaZKnt/RJWjoZCF5OW60Z67/GmSLBkOFM7qh1PI3zFNtJbaZL5eQu1vLfazOwj4g==
  dependencies:
    fetch-blob "^3.1.2"

fs-extra@7.0.1:
  version "7.0.1"
  resolved "https://registry.yarnpkg.com/fs-extra/-/fs-extra-7.0.1.tgz#4f189c44aa123b895f722804f55ea23eadc348e9"
  integrity sha512-YJDaCJZEnBmcbw13fvdAM9AwNOJwOzrE4pqMqBq5nFiEqXUqHwlK4B+3pUw6JNvfSPtX05xFHtYy/1ni01eGCw==
  dependencies:
    graceful-fs "^4.1.2"
    jsonfile "^4.0.0"
    universalify "^0.1.0"

graceful-fs@^4.1.2, graceful-fs@^4.1.6:
  version "4.2.0"
  resolved "https://registry.yarnpkg.com/graceful-fs/-/graceful-fs-4.2.0.tgz#8d8fdc73977cb04104721cb53666c1ca64cd328b"
  integrity sha512-jpSvDPV4Cq/bgtpndIWbI5hmYxhQGHPC4d4cqBPb4DLniCfhJokdXhwhaDuLBGLQdvvRum/UiX6ECVIPvDXqdg==

jsonfile@^4.0.0:
  version "4.0.0"
  resolved "https://registry.yarnpkg.com/jsonfile/-/jsonfile-4.0.0.tgz#8771aae0799b64076b76640fca058f9c10e33ecb"
  integrity sha1-h3Gq4HmbZAdrdmQPygWPnBDjPss=
  optionalDependencies:
    graceful-fs "^4.1.6"

node-domexception@^1.0.0:
  version "1.0.0"
  resolved "https://registry.yarnpkg.com/node-domexception/-/node-domexception-1.0.0.tgz#6888db46a1f71c0b76b3f7555016b63fe64766e5"
  integrity sha512-/jKZoMpw0F8GRwl4/eLROPA3cfcXtLApP0QzLmUT/HuPCZWyB7IY9ZrMeKw2O/nFIqPQB3PVM9aYm0F312AXDQ==

node-fetch@^3.1.1:
  version "3.1.1"
  resolved "https://registry.yarnpkg.com/node-fetch/-/node-fetch-3.1.1.tgz#d0d9607e455b3087e3092b821b5b1f1ebf4c2147"
  integrity sha512-SMk+vKgU77PYotRdWzqZGTZeuFKlsJ0hu4KPviQKkfY+N3vn2MIzr0rvpnYpR8MtB3IEuhlEcuOLbGvLRlA+yg==
  dependencies:
    data-uri-to-buffer "^4.0.0"
    fetch-blob "^3.1.3"
    formdata-polyfill "^4.0.10"

typescript@^3.2.4:
  version "3.5.1"
  resolved "https://registry.yarnpkg.com/typescript/-/typescript-3.5.1.tgz#ba72a6a600b2158139c5dd8850f700e231464202"
  integrity sha512-64HkdiRv1yYZsSe4xC1WVgamNigVYjlssIoaH2HcZF0+ijsk5YK2g0G34w9wJkze8+5ow4STd22AynfO6ZYYLw==

universalify@^0.1.0:
  version "0.1.2"
  resolved "https://registry.yarnpkg.com/universalify/-/universalify-0.1.2.tgz#b646f69be3942dabcecc9d6639c80dc105efaa66"
  integrity sha512-rBJeI5CXAlmy1pV+617WB9J63U6XcazHHF2f2dbJix4XzpUF0RS3Zbj0FGIOCAva5P/d/GBOYaACQ1w+0azUkg==

web-streams-polyfill@^3.0.3:
  version "3.2.0"
  resolved "https://registry.yarnpkg.com/web-streams-polyfill/-/web-streams-polyfill-3.2.0.tgz#a6b74026b38e4885869fb5c589e90b95ccfc7965"
  integrity sha512-EqPmREeOzttaLRm5HS7io98goBgZ7IVz79aDvqjD0kYXLtFZTc0T/U6wHTPKyIjb+MdN7DFIIX6hgdBEpWmfPA==
